
Microsoft Visual Studio Solution File, Format Version 12.00
# Visual Studio Version 16
VisualStudioVersion = 16.0.31613.86
MinimumVisualStudioVersion = 10.0.40219.1
Project("{FAE04EC0-301F-11D3-BF4B-00C04F79EFBC}") = "FileSignature_Test", "FileSignature_Test\FileSignature_Test.csproj", "{E02BD7B8-D092-4900-895E-85B75AB6EBC7}"
EndProject
Global
	GlobalSection(SolutionConfigurationPlatforms) = preSolution
		Debug|Any CPU = Debug|Any CPU
		Release|Any CPU = Release|Any CPU
	EndGlobalSection
	GlobalSection(ProjectConfigurationPlatforms) = postSolution
		{E02BD7B8-D092-4900-895E-85B75AB6EBC7}.Debug|Any CPU.ActiveCfg = Debug|Any CPU
		{E02BD7B8-D092-4900-895E-85B75AB6EBC7}.Debug|Any CPU.Build.0 = Debug|Any CPU
		{E02BD7B8-D092-4900-895E-85B75AB6EBC7}.Release|Any CPU.ActiveCfg = Release|Any CPU
		{E02BD7B8-D092-4900-895E-85B75AB6EBC7}.Release|Any CPU.Build.0 = Release|Any CPU
	EndGlobalSection
	GlobalSection(SolutionProperties) = preSolution
		HideSolutionNode = FALSE
	EndGlobalSection
	GlobalSection(ExtensibilityGlobals) = postSolution
		SolutionGuid = {BCA86A5A-7EEA-44D2-B822-C55EACB665B0}
	EndGlobalSection
EndGlobal
